{
  "name": "@palveron/agent-shield",
  "version": "0.1.1",
  "lockfileVersion": 3,
  "requires": true,
  "packages": {
    "": {
      "name": "@palveron/agent-shield",
      "version": "0.1.1",
      "license": "MIT",
      "dependencies": {
        "@palveron/sdk": "^1.2.0"
      },
      "bin": {
        "palveron": "bin/palveron.mjs"
      },
      "engines": {
        "node": ">=18"
      }
    },
    "node_modules/@palveron/sdk": {
      "version": "1.2.0",
      "resolved": "https://registry.npmjs.org/@palveron/sdk/-/sdk-1.2.0.tgz",
      "integrity": "sha512-0GEfAze5DCJ4eddv2CvhUSTu8SaT7mwegnxCu7X5jxw4g5025MnxkKWyedPs0s5gzz+BxZEbNnb9TknxxAn22A==",
      "license": "MIT",
      "engines": {
        "node": ">=18"
      }
    }
  }
}
